// !$*UTF8*$!
{
	archiveVersion = 1;
	classes = {
	};
	objectVersion = 46;
	objects = {

/* Begin PBXBuildFile section */
		9C222511173D013500269E62 /* UIKit.framework in Frameworks */ = {isa = PBXBuildFile; fileRef = 9C222510173D013500269E62 /* UIKit.framework */; };
		9C222513173D013500269E62 /* Foundation.framework in Frameworks */ = {isa = PBXBuildFile; fileRef = 9C222512173D013500269E62 /* Foundation.framework */; };
		9C222515173D013500269E62 /* CoreGraphics.framework in Frameworks */ = {isa = PBXBuildFile; fileRef = 9C222514173D013500269E62 /* CoreGraphics.framework */; };
		9C22251B173D013500269E62 /* InfoPlist.strings in Resources */ = {isa = PBXBuildFile; fileRef = 9C222519173D013500269E62 /* InfoPlist.strings */; };
		9C22251D173D013500269E62 /* main.m in Sources */ = {isa = PBXBuildFile; fileRef = 9C22251C173D013500269E62 /* main.m */; };
		9C222521173D013500269E62 /* AppDelegate.m in Sources */ = {isa = PBXBuildFile; fileRef = 9C222520173D013500269E62 /* AppDelegate.m */; };
		9C222523173D013500269E62 /* Default.png in Resources */ = {isa = PBXBuildFile; fileRef = 9C222522173D013500269E62 /* Default.png */; };
		9C222525173D013500269E62 /* Default@2x.png in Resources */ = {isa = PBXBuildFile; fileRef = 9C222524173D013500269E62 /* Default@2x.png */; };
		9C222527173D013500269E62 /* Default-568h@2x.png in Resources */ = {isa = PBXBuildFile; fileRef = 9C222526173D013500269E62 /* Default-568h@2x.png */; };
		9C22252A173D013500269E62 /* MainStoryboard.storyboard in Resources */ = {isa = PBXBuildFile; fileRef = 9C222528173D013500269E62 /* MainStoryboard.storyboard */; };
		9C22252D173D013500269E62 /* ViewController.m in Sources */ = {isa = PBXBuildFile; fileRef = 9C22252C173D013500269E62 /* ViewController.m */; };
		9C222535173D013500269E62 /* SenTestingKit.framework in Frameworks */ = {isa = PBXBuildFile; fileRef = 9C222534173D013500269E62 /* SenTestingKit.framework */; };
		9C222536173D013500269E62 /* UIKit.framework in Frameworks */ = {isa = PBXBuildFile; fileRef = 9C222510173D013500269E62 /* UIKit.framework */; };
		9C222537173D013500269E62 /* Foundation.framework in Frameworks */ = {isa = PBXBuildFile; fileRef = 9C222512173D013500269E62 /* Foundation.framework */; };
		9C22253F173D013500269E62 /* InfoPlist.strings in Resources */ = {isa = PBXBuildFile; fileRef = 9C22253D173D013500269E62 /* InfoPlist.strings */; };
		9C222542173D013500269E62 /* RobolutionTests.m in Sources */ = {isa = PBXBuildFile; fileRef = 9C222541173D013500269E62 /* RobolutionTests.m */; };
		9C22254E173D01C500269E62 /* Sprite.m in Sources */ = {isa = PBXBuildFile; fileRef = 9C22254D173D01C500269E62 /* Sprite.m */; };
		9C222550173D020400269E62 /* QuartzCore.framework in Frameworks */ = {isa = PBXBuildFile; fileRef = 9C22254F173D020400269E62 /* QuartzCore.framework */; };
		9C22257D173D022200269E62 /* bg.png in Resources */ = {isa = PBXBuildFile; fileRef = 9C222551173D022200269E62 /* bg.png */; };
		9C222584173D022200269E62 /* fairyfog.png in Resources */ = {isa = PBXBuildFile; fileRef = 9C222558173D022200269E62 /* fairyfog.png */; };
		9C222585173D022200269E62 /* flag.png in Resources */ = {isa = PBXBuildFile; fileRef = 9C222559173D022200269E62 /* flag.png */; };
		9C222586173D022200269E62 /* fog.png in Resources */ = {isa = PBXBuildFile; fileRef = 9C22255A173D022200269E62 /* fog.png */; };
		9C222587173D022200269E62 /* heart.png in Resources */ = {isa = PBXBuildFile; fileRef = 9C22255B173D022200269E62 /* heart.png */; };
		9C2225A9173D022F00269E62 /* Sprite.m in Sources */ = {isa = PBXBuildFile; fileRef = 9C22254D173D01C500269E62 /* Sprite.m */; };
		9C2225AE173D029200269E62 /* level1.lvl in Resources */ = {isa = PBXBuildFile; fileRef = 9C2225AA173D029200269E62 /* level1.lvl */; };
		9C2225AF173D029200269E62 /* level2.lvl in Resources */ = {isa = PBXBuildFile; fileRef = 9C2225AB173D029200269E62 /* level2.lvl */; };
		9C2225B0173D029200269E62 /* level3.lvl in Resources */ = {isa = PBXBuildFile; fileRef = 9C2225AC173D029200269E62 /* level3.lvl */; };
		9C2225B1173D029200269E62 /* level4.lvl in Resources */ = {isa = PBXBuildFile; fileRef = 9C2225AD173D029200269E62 /* level4.lvl */; };
		E4167DB1174B5A4000F15015 /* Roboter.png in Resources */ = {isa = PBXBuildFile; fileRef = E4167DA7174B5A3900F15015 /* Roboter.png */; };
		E4167DB2174B5A4000F15015 /* Roboter@2x.png in Resources */ = {isa = PBXBuildFile; fileRef = E4167DA8174B5A3A00F15015 /* Roboter@2x.png */; };
		E4167DB3174B5A4000F15015 /* Roboter2.png in Resources */ = {isa = PBXBuildFile; fileRef = E4167DA9174B5A3A00F15015 /* Roboter2.png */; };
		E4167DB4174B5A4000F15015 /* Roboter2@2x.png in Resources */ = {isa = PBXBuildFile; fileRef = E4167DAA174B5A3B00F15015 /* Roboter2@2x.png */; };
		E4167DB5174B5A4000F15015 /* Roboter3.png in Resources */ = {isa = PBXBuildFile; fileRef = E4167DAB174B5A3B00F15015 /* Roboter3.png */; };
		E4167DB6174B5A4000F15015 /* Roboter3@2x.png in Resources */ = {isa = PBXBuildFile; fileRef = E4167DAC174B5A3C00F15015 /* Roboter3@2x.png */; };
		E4167DB7174B5A4000F15015 /* Roboter4.png in Resources */ = {isa = PBXBuildFile; fileRef = E4167DAD174B5A3D00F15015 /* Roboter4.png */; };
		E4167DB8174B5A4000F15015 /* Roboter4@2x.png in Resources */ = {isa = PBXBuildFile; fileRef = E4167DAE174B5A3D00F15015 /* Roboter4@2x.png */; };
		E4167DB9174B5A4000F15015 /* Roboter5.png in Resources */ = {isa = PBXBuildFile; fileRef = E4167DAF174B5A3F00F15015 /* Roboter5.png */; };
		E4167DBA174B5A4000F15015 /* Roboter5@2x.png in Resources */ = {isa = PBXBuildFile; fileRef = E4167DB0174B5A3F00F15015 /* Roboter5@2x.png */; };
		E4167DC5174B5E0800F15015 /* Sprung.png in Resources */ = {isa = PBXBuildFile; fileRef = E4167DBB174B5E0100F15015 /* Sprung.png */; };
		E4167DC6174B5E0800F15015 /* Sprung@2x.png in Resources */ = {isa = PBXBuildFile; fileRef = E4167DBC174B5E0200F15015 /* Sprung@2x.png */; };
		E4167DC7174B5E0800F15015 /* Sprung2.png in Resources */ = {isa = PBXBuildFile; fileRef = E4167DBD174B5E0200F15015 /* Sprung2.png */; };
		E4167DC8174B5E0800F15015 /* Sprung2@2.png in Resources */ = {isa = PBXBuildFile; fileRef = E4167DBE174B5E0300F15015 /* Sprung2@2.png */; };
		E4167DC9174B5E0800F15015 /* Sprung3.png in Resources */ = {isa = PBXBuildFile; fileRef = E4167DBF174B5E0300F15015 /* Sprung3.png */; };
		E4167DCA174B5E0800F15015 /* Sprung3@2x.png in Resources */ = {isa = PBXBuildFile; fileRef = E4167DC0174B5E0400F15015 /* Sprung3@2x.png */; };
		E4167DCB174B5E0800F15015 /* Sprung4.png in Resources */ = {isa = PBXBuildFile; fileRef = E4167DC1174B5E0500F15015 /* Sprung4.png */; };
		E4167DCC174B5E0800F15015 /* Sprung4@2x.png in Resources */ = {isa = PBXBuildFile; fileRef = E4167DC2174B5E0600F15015 /* Sprung4@2x.png */; };
		E4167DCD174B5E0800F15015 /* Sprung5.png in Resources */ = {isa = PBXBuildFile; fileRef = E4167DC3174B5E0600F15015 /* Sprung5.png */; };
		E4167DCE174B5E0800F15015 /* Sprung5@2x.png in Resources */ = {isa = PBXBuildFile; fileRef = E4167DC4174B5E0700F15015 /* Sprung5@2x.png */; };
		E4167DD5174B681000F15015 /* jump.png in Resources */ = {isa = PBXBuildFile; fileRef = E4167DCF174B680900F15015 /* jump.png */; };
		E4167DD6174B681000F15015 /* jump@2x.png in Resources */ = {isa = PBXBuildFile; fileRef = E4167DD0174B680A00F15015 /* jump@2x.png */; };
		E4167DD7174B681000F15015 /* links.png in Resources */ = {isa = PBXBuildFile; fileRef = E4167DD1174B680C00F15015 /* links.png */; };
		E4167DD8174B681000F15015 /* links@2x.png in Resources */ = {isa = PBXBuildFile; fileRef = E4167DD2174B680D00F15015 /* links@2x.png */; };
		E4167DD9174B681000F15015 /* rechts.png in Resources */ = {isa = PBXBuildFile; fileRef = E4167DD3174B680E00F15015 /* rechts.png */; };
		E4167DDA174B681000F15015 /* rechts@2x.png in Resources */ = {isa = PBXBuildFile; fileRef = E4167DD4174B680F00F15015 /* rechts@2x.png */; };
		E4167DDE174B6E3700F15015 /* bg_layer1@2x.png in Resources */ = {isa = PBXBuildFile; fileRef = E4167DDC174B6E3500F15015 /* bg_layer1@2x.png */; };
		E4167DE2174B6E5800F15015 /* bg_layer2@2x.png in Resources */ = {isa = PBXBuildFile; fileRef = E4167DE0174B6E5600F15015 /* bg_layer2@2x.png */; };
		E4167DE4174B6F2F00F15015 /* bg_layer1.png in Resources */ = {isa = PBXBuildFile; fileRef = E4167DE3174B6F2B00F15015 /* bg_layer1.png */; };
		E4167DE6174B6F4100F15015 /* bg_layer2.png in Resources */ = {isa = PBXBuildFile; fileRef = E4167DE5174B6F3300F15015 /* bg_layer2.png */; };
		E4167DF1174B6FCB00F15015 /* Feind.png in Resources */ = {isa = PBXBuildFile; fileRef = E4167DE7174B6FBF00F15015 /* Feind.png */; };
		E4167DF2174B6FCB00F15015 /* Feind@2x.png in Resources */ = {isa = PBXBuildFile; fileRef = E4167DE8174B6FC000F15015 /* Feind@2x.png */; };
		E4167DF3174B6FCB00F15015 /* Feind2.png in Resources */ = {isa = PBXBuildFile; fileRef = E4167DE9174B6FC100F15015 /* Feind2.png */; };
		E4167DF4174B6FCB00F15015 /* Feind2@2x.png in Resources */ = {isa = PBXBuildFile; fileRef = E4167DEA174B6FC200F15015 /* Feind2@2x.png */; };
		E4167DF5174B6FCB00F15015 /* Feind3.png in Resources */ = {isa = PBXBuildFile; fileRef = E4167DEB174B6FC300F15015 /* Feind3.png */; };
		E4167DF6174B6FCB00F15015 /* Feind3@2x.png in Resources */ = {isa = PBXBuildFile; fileRef = E4167DEC174B6FC500F15015 /* Feind3@2x.png */; };
		E4167DF7174B6FCB00F15015 /* Feind4.png in Resources */ = {isa = PBXBuildFile; fileRef = E4167DED174B6FC600F15015 /* Feind4.png */; };
		E4167DF8174B6FCB00F15015 /* Feind4@2x.png in Resources */ = {isa = PBXBuildFile; fileRef = E4167DEE174B6FC700F15015 /* Feind4@2x.png */; };
		E4167DF9174B6FCB00F15015 /* Feind5.png in Resources */ = {isa = PBXBuildFile; fileRef = E4167DEF174B6FC900F15015 /* Feind5.png */; };
		E4167DFA174B6FCB00F15015 /* Feind5@2x.png in Resources */ = {isa = PBXBuildFile; fileRef = E4167DF0174B6FCA00F15015 /* Feind5@2x.png */; };
		E4167E21174B7FFF00F15015 /* small_Container.png in Resources */ = {isa = PBXBuildFile; fileRef = E4167E1F174B7FFB00F15015 /* small_Container.png */; };
		E4167E22174B7FFF00F15015 /* small_Container@2x.png in Resources */ = {isa = PBXBuildFile; fileRef = E4167E20174B7FFD00F15015 /* small_Container@2x.png */; };
		E4167E25174B800800F15015 /* Container_green.png in Resources */ = {isa = PBXBuildFile; fileRef = E4167E23174B800400F15015 /* Container_green.png */; };
		E4167E26174B800800F15015 /* Container_green@2x.png in Resources */ = {isa = PBXBuildFile; fileRef = E4167E24174B800600F15015 /* Container_green@2x.png */; };
		E4167E29174B808700F15015 /* Kran.png in Resources */ = {isa = PBXBuildFile; fileRef = E4167E27174B808300F15015 /* Kran.png */; };
		E4167E2A174B808700F15015 /* Kran@2x.png in Resources */ = {isa = PBXBuildFile; fileRef = E4167E28174B808500F15015 /* Kran@2x.png */; };
		E4167E2D174B80DA00F15015 /* Stahltraeger.png in Resources */ = {isa = PBXBuildFile; fileRef = E4167E2B174B80D600F15015 /* Stahltraeger.png */; };
		E4167E2E174B80DA00F15015 /* Stahltraeger@2x.png in Resources */ = {isa = PBXBuildFile; fileRef = E4167E2C174B80D800F15015 /* Stahltraeger@2x.png */; };
		E4167E31174B80FC00F15015 /* Holzkiste.png in Resources */ = {isa = PBXBuildFile; fileRef = E4167E2F174B80F700F15015 /* Holzkiste.png */; };
		E4167E32174B80FC00F15015 /* Holzkiste@2x.png in Resources */ = {isa = PBXBuildFile; fileRef = E4167E30174B80F900F15015 /* Holzkiste@2x.png */; };
		E4167E34174B82DC00F15015 /* Platform.png in Resources */ = {isa = PBXBuildFile; fileRef = E4167E33174B82DA00F15015 /* Platform.png */; };
		E4167E4E174B875100F15015 /* Platform@2x.png in Resources */ = {isa = PBXBuildFile; fileRef = E4167E35174B873000F15015 /* Platform@2x.png */; };
		E4167E4F174B875100F15015 /* Platform2.png in Resources */ = {isa = PBXBuildFile; fileRef = E4167E36174B873100F15015 /* Platform2.png */; };
		E4167E50174B875100F15015 /* Platform2@2x.png in Resources */ = {isa = PBXBuildFile; fileRef = E4167E37174B873200F15015 /* Platform2@2x.png */; };
		E4167E51174B875100F15015 /* Platform3.png in Resources */ = {isa = PBXBuildFile; fileRef = E4167E38174B873300F15015 /* Platform3.png */; };
		E4167E52174B875100F15015 /* Platform3@2x.png in Resources */ = {isa = PBXBuildFile; fileRef = E4167E39174B873400F15015 /* Platform3@2x.png */; };
		E4167E53174B875100F15015 /* Platform4.png in Resources */ = {isa = PBXBuildFile; fileRef = E4167E3A174B873600F15015 /* Platform4.png */; };
		E4167E54174B875100F15015 /* Platform4@2x.png in Resources */ = {isa = PBXBuildFile; fileRef = E4167E3B174B873700F15015 /* Platform4@2x.png */; };
		E4167E55174B875100F15015 /* Platform5.png in Resources */ = {isa = PBXBuildFile; fileRef = E4167E3C174B873800F15015 /* Platform5.png */; };
		E4167E56174B875100F15015 /* Platform5@2x.png in Resources */ = {isa = PBXBuildFile; fileRef = E4167E3D174B873900F15015 /* Platform5@2x.png */; };
		E4167E57174B875100F15015 /* Platform6.png in Resources */ = {isa = PBXBuildFile; fileRef = E4167E3E174B873B00F15015 /* Platform6.png */; };
		E4167E58174B875100F15015 /* Platform6@2x.png in Resources */ = {isa = PBXBuildFile; fileRef = E4167E3F174B873C00F15015 /* Platform6@2x.png */; };
		E4167E59174B875100F15015 /* Platform7.png in Resources */ = {isa = PBXBuildFile; fileRef = E4167E40174B873D00F15015 /* Platform7.png */; };
		E4167E5A174B875100F15015 /* Platform7@2x.png in Resources */ = {isa = PBXBuildFile; fileRef = E4167E41174B873F00F15015 /* Platform7@2x.png */; };
		E4167E5B174B875100F15015 /* Platform8.png in Resources */ = {isa = PBXBuildFile; fileRef = E4167E42174B874000F15015 /* Platform8.png */; };
		E4167E5C174B875100F15015 /* Platform8@2x.png in Resources */ = {isa = PBXBuildFile; fileRef = E4167E43174B874200F15015 /* Platform8@2x.png */; };
		E4167E5D174B875100F15015 /* Platform9.png in Resources */ = {isa = PBXBuildFile; fileRef = E4167E44174B874300F15015 /* Platform9.png */; };
		E4167E5E174B875100F15015 /* Platform9@2x.png in Resources */ = {isa = PBXBuildFile; fileRef = E4167E45174B874400F15015 /* Platform9@2x.png */; };
		E4167E5F174B875100F15015 /* Platform10.png in Resources */ = {isa = PBXBuildFile; fileRef = E4167E46174B874600F15015 /* Platform10.png */; };
		E4167E60174B875100F15015 /* Platform10@2x.png in Resources */ = {isa = PBXBuildFile; fileRef = E4167E47174B874700F15015 /* Platform10@2x.png */; };
		E4167E61174B875100F15015 /* Platform11.png in Resources */ = {isa = PBXBuildFile; fileRef = E4167E48174B874900F15015 /* Platform11.png */; };
		E4167E62174B875100F15015 /* Platform11@2x.png in Resources */ = {isa = PBXBuildFile; fileRef = E4167E49174B874A00F15015 /* Platform11@2x.png */; };
		E4167E63174B875100F15015 /* Platform12.png in Resources */ = {isa = PBXBuildFile; fileRef = E4167E4A174B874B00F15015 /* Platform12.png */; };
		E4167E64174B875100F15015 /* Platform12@2x.png in Resources */ = {isa = PBXBuildFile; fileRef = E4167E4B174B874D00F15015 /* Platform12@2x.png */; };
		E4167E65174B875100F15015 /* Platform13.png in Resources */ = {isa = PBXBuildFile; fileRef = E4167E4C174B874E00F15015 /* Platform13.png */; };
		E4167E66174B875100F15015 /* Platform13@2x.png in Resources */ = {isa = PBXBuildFile; fileRef = E4167E4D174B875000F15015 /* Platform13@2x.png */; };
		E428F412174DF843005C9391 /* IMG_0056.PNG in Resources */ = {isa = PBXBuildFile; fileRef = E428F411174DF843005C9391 /* IMG_0056.PNG */; };
		E428F415174DFE69005C9391 /* LevelViewController.m in Sources */ = {isa = PBXBuildFile; fileRef = E428F414174DFE69005C9391 /* LevelViewController.m */; };
		E494355D174CAEA3005B844A /* Power.png in Resources */ = {isa = PBXBuildFile; fileRef = E4943549174CAEA3005B844A /* Power.png */; };
		E494355E174CAEA3005B844A /* Power@2x.png in Resources */ = {isa = PBXBuildFile; fileRef = E494354A174CAEA3005B844A /* Power@2x.png */; };
		E494355F174CAEA3005B844A /* Power2.png in Resources */ = {isa = PBXBuildFile; fileRef = E494354B174CAEA3005B844A /* Power2.png */; };
		E4943560174CAEA3005B844A /* Power2@2x.png in Resources */ = {isa = PBXBuildFile; fileRef = E494354C174CAEA3005B844A /* Power2@2x.png */; };
		E4943561174CAEA3005B844A /* Power3.png in Resources */ = {isa = PBXBuildFile; fileRef = E494354D174CAEA3005B844A /* Power3.png */; };
		E4943562174CAEA3005B844A /* Power3@2x.png in Resources */ = {isa = PBXBuildFile; fileRef = E494354E174CAEA3005B844A /* Power3@2x.png */; };
		E4943563174CAEA3005B844A /* Power4.png in Resources */ = {isa = PBXBuildFile; fileRef = E494354F174CAEA3005B844A /* Power4.png */; };
		E4943564174CAEA3005B844A /* Power4@2x.png in Resources */ = {isa = PBXBuildFile; fileRef = E4943550174CAEA3005B844A /* Power4@2x.png */; };
		E4943565174CAEA3005B844A /* Power5.png in Resources */ = {isa = PBXBuildFile; fileRef = E4943551174CAEA3005B844A /* Power5.png */; };
		E4943566174CAEA3005B844A /* Power5@2x.png in Resources */ = {isa = PBXBuildFile; fileRef = E4943552174CAEA3005B844A /* Power5@2x.png */; };
		E4943567174CAEA3005B844A /* Power6.png in Resources */ = {isa = PBXBuildFile; fileRef = E4943553174CAEA3005B844A /* Power6.png */; };
		E4943568174CAEA3005B844A /* Power6@2x.png in Resources */ = {isa = PBXBuildFile; fileRef = E4943554174CAEA3005B844A /* Power6@2x.png */; };
		E4943569174CAEA3005B844A /* Power7.png in Resources */ = {isa = PBXBuildFile; fileRef = E4943555174CAEA3005B844A /* Power7.png */; };
		E494356A174CAEA3005B844A /* Power7@2x.png in Resources */ = {isa = PBXBuildFile; fileRef = E4943556174CAEA3005B844A /* Power7@2x.png */; };
		E494356B174CAEA3005B844A /* Power8.png in Resources */ = {isa = PBXBuildFile; fileRef = E4943557174CAEA3005B844A /* Power8.png */; };
		E494356C174CAEA3005B844A /* Power8@2x.png in Resources */ = {isa = PBXBuildFile; fileRef = E4943558174CAEA3005B844A /* Power8@2x.png */; };
		E494356D174CAEA3005B844A /* Power9.png in Resources */ = {isa = PBXBuildFile; fileRef = E4943559174CAEA3005B844A /* Power9.png */; };
		E494356E174CAEA3005B844A /* Power9@2x.png in Resources */ = {isa = PBXBuildFile; fileRef = E494355A174CAEA3005B844A /* Power9@2x.png */; };
		E494356F174CAEA3005B844A /* Power10.png in Resources */ = {isa = PBXBuildFile; fileRef = E494355B174CAEA3005B844A /* Power10.png */; };
		E4943570174CAEA3005B844A /* Power10@2x.png in Resources */ = {isa = PBXBuildFile; fileRef = E494355C174CAEA3005B844A /* Power10@2x.png */; };
		E4943572174CB869005B844A /* Power10_neu.png in Resources */ = {isa = PBXBuildFile; fileRef = E4943571174CB869005B844A /* Power10_neu.png */; };
		E4943575174CBAED005B844A /* Wolke.png in Resources */ = {isa = PBXBuildFile; fileRef = E4943573174CBAED005B844A /* Wolke.png */; };
		E4943576174CBAED005B844A /* Wolke@2x.png in Resources */ = {isa = PBXBuildFile; fileRef = E4943574174CBAED005B844A /* Wolke@2x.png */; };
		E4943579174CC7A1005B844A /* Oel_tropfen.png in Resources */ = {isa = PBXBuildFile; fileRef = E4943577174CC7A1005B844A /* Oel_tropfen.png */; };
		E494357A174CC7A1005B844A /* Oel_tropfen@2x.png in Resources */ = {isa = PBXBuildFile; fileRef = E4943578174CC7A1005B844A /* Oel_tropfen@2x.png */; };
		E494357C174CE439005B844A /* AudioToolbox.framework in Frameworks */ = {isa = PBXBuildFile; fileRef = E494357B174CE439005B844A /* AudioToolbox.framework */; };
		E4B41128174E0E5A007AF4C8 /* wasser.png in Resources */ = {isa = PBXBuildFile; fileRef = E4B41122174E0E5A007AF4C8 /* wasser.png */; };
		E4B41129174E0E5A007AF4C8 /* wasser@2x.png in Resources */ = {isa = PBXBuildFile; fileRef = E4B41123174E0E5A007AF4C8 /* wasser@2x.png */; };
		E4B4112A174E0E5A007AF4C8 /* wasser2.png in Resources */ = {isa = PBXBuildFile; fileRef = E4B41124174E0E5A007AF4C8 /* wasser2.png */; };
		E4B4112B174E0E5A007AF4C8 /* wasser2@2x.png in Resources */ = {isa = PBXBuildFile; fileRef = E4B41125174E0E5A007AF4C8 /* wasser2@2x.png */; };
		E4B4112C174E0E5A007AF4C8 /* wasser3.png in Resources */ = {isa = PBXBuildFile; fileRef = E4B41126174E0E5A007AF4C8 /* wasser3.png */; };
		E4B4112D174E0E5A007AF4C8 /* wasser3@2x.png in Resources */ = {isa = PBXBuildFile; fileRef = E4B41127174E0E5A007AF4C8 /* wasser3@2x.png */; };
		E4ED15D0174D05F200411EF2 /* level5.lvl in Resources */ = {isa = PBXBuildFile; fileRef = E4ED15CF174D05F200411EF2 /* level5.lvl */; };
		E4FD6762174CF7AE00303ACC /* SecondViewController.m in Sources */ = {isa = PBXBuildFile; fileRef = E4FD6761174CF7AE00303ACC /* SecondViewController.m */; };
/* End PBXBuildFile section */

/* Begin PBXContainerItemProxy section */
		9C222538173D013500269E62 /* PBXContainerItemProxy */ = {
			isa = PBXContainerItemProxy;
			containerPortal = 9C222505173D013500269E62 /* Project object */;
			proxyType = 1;
			remoteGlobalIDString = 9C22250C173D013500269E62;
			remoteInfo = Robolution;
		};
/* End PBXContainerItemProxy section */

/* Begin PBXFileReference section */
		9C22250D173D013500269E62 /* Robolution.app */ = {isa = PBXFileReference; explicitFileType = wrapper.application; includeInIndex = 0; path = Robolution.app; sourceTree = BUILT_PRODUCTS_DIR; };
		9C222510173D013500269E62 /* UIKit.framework */ = {isa = PBXFileReference; lastKnownFileType = wrapper.framework; name = UIKit.framework; path = System/Library/Frameworks/UIKit.framework; sourceTree = SDKROOT; };
		9C222512173D013500269E62 /* Foundation.framework */ = {isa = PBXFileReference; lastKnownFileType = wrapper.framework; name = Foundation.framework; path = System/Library/Frameworks/Foundation.framework; sourceTree = SDKROOT; };
		9C222514173D013500269E62 /* CoreGraphics.framework */ = {isa = PBXFileReference; lastKnownFileType = wrapper.framework; name = CoreGraphics.framework; path = System/Library/Frameworks/CoreGraphics.framework; sourceTree = SDKROOT; };
		9C222518173D013500269E62 /* Robolution-Info.plist */ = {isa = PBXFileReference; lastKnownFileType = text.plist.xml; path = "Robolution-Info.plist"; sourceTree = "<group>"; };
		9C22251A173D013500269E62 /* en */ = {isa = PBXFileReference; lastKnownFileType = text.plist.strings; name = en; path = en.lproj/InfoPlist.strings; sourceTree = "<group>"; };
		9C22251C173D013500269E62 /* main.m */ = {isa = PBXFileReference; lastKnownFileType = sourcecode.c.objc; path = main.m; sourceTree = "<group>"; };
		9C22251E173D013500269E62 /* Robolution-Prefix.pch */ = {isa = PBXFileReference; lastKnownFileType = sourcecode.c.h; path = "Robolution-Prefix.pch"; sourceTree = "<group>"; };
		9C22251F173D013500269E62 /* AppDelegate.h */ = {isa = PBXFileReference; lastKnownFileType = sourcecode.c.h; path = AppDelegate.h; sourceTree = "<group>"; };
		9C222520173D013500269E62 /* AppDelegate.m */ = {isa = PBXFileReference; lastKnownFileType = sourcecode.c.objc; path = AppDelegate.m; sourceTree = "<group>"; };
		9C222522173D013500269E62 /* Default.png */ = {isa = PBXFileReference; lastKnownFileType = image.png; path = Default.png; sourceTree = "<group>"; };
		9C222524173D013500269E62 /* Default@2x.png */ = {isa = PBXFileReference; lastKnownFileType = image.png; path = "Default@2x.png"; sourceTree = "<group>"; };
		9C222526173D013500269E62 /* Default-568h@2x.png */ = {isa = PBXFileReference; lastKnownFileType = image.png; path = "Default-568h@2x.png"; sourceTree = "<group>"; };
		9C222529173D013500269E62 /* en */ = {isa = PBXFileReference; lastKnownFileType = file.storyboard; name = en; path = en.lproj/MainStoryboard.storyboard; sourceTree = "<group>"; };
		9C22252B173D013500269E62 /* ViewController.h */ = {isa = PBXFileReference; lastKnownFileType = sourcecode.c.h; path = ViewController.h; sourceTree = "<group>"; };
		9C22252C173D013500269E62 /* ViewController.m */ = {isa = PBXFileReference; lastKnownFileType = sourcecode.c.objc; path = ViewController.m; sourceTree = "<group>"; };
		9C222533173D013500269E62 /* RobolutionTests.octest */ = {isa = PBXFileReference; explicitFileType = wrapper.cfbundle; includeInIndex = 0; path = RobolutionTests.octest; sourceTree = BUILT_PRODUCTS_DIR; };
		9C222534173D013500269E62 /* SenTestingKit.framework */ = {isa = PBXFileReference; lastKnownFileType = wrapper.framework; name = SenTestingKit.framework; path = Library/Frameworks/SenTestingKit.framework; sourceTree = DEVELOPER_DIR; };
		9C22253C173D013500269E62 /* RobolutionTests-Info.plist */ = {isa = PBXFileReference; lastKnownFileType = text.plist.xml; path = "RobolutionTests-Info.plist"; sourceTree = "<group>"; };
		9C22253E173D013500269E62 /* en */ = {isa = PBXFileReference; lastKnownFileType = text.plist.strings; name = en; path = en.lproj/InfoPlist.strings; sourceTree = "<group>"; };
		9C222540173D013500269E62 /* RobolutionTests.h */ = {isa = PBXFileReference; lastKnownFileType = sourcecode.c.h; path = RobolutionTests.h; sourceTree = "<group>"; };
		9C222541173D013500269E62 /* RobolutionTests.m */ = {isa = PBXFileReference; lastKnownFileType = sourcecode.c.objc; path = RobolutionTests.m; sourceTree = "<group>"; };
		9C22254B173D01AA00269E62 /* constants.h */ = {isa = PBXFileReference; fileEncoding = 4; lastKnownFileType = sourcecode.c.h; path = constants.h; sourceTree = "<group>"; };
		9C22254C173D01C500269E62 /* Sprite.h */ = {isa = PBXFileReference; fileEncoding = 4; lastKnownFileType = sourcecode.c.h; path = Sprite.h; sourceTree = "<group>"; };
		9C22254D173D01C500269E62 /* Sprite.m */ = {isa = PBXFileReference; fileEncoding = 4; lastKnownFileType = sourcecode.c.objc; path = Sprite.m; sourceTree = "<group>"; };
		9C22254F173D020400269E62 /* QuartzCore.framework */ = {isa = PBXFileReference; lastKnownFileType = wrapper.framework; name = QuartzCore.framework; path = System/Library/Frameworks/QuartzCore.framework; sourceTree = SDKROOT; };
		9C222551173D022200269E62 /* bg.png */ = {isa = PBXFileReference; lastKnownFileType = image.png; path = bg.png; sourceTree = "<group>"; };
		9C222558173D022200269E62 /* fairyfog.png */ = {isa = PBXFileReference; lastKnownFileType = image.png; path = fairyfog.png; sourceTree = "<group>"; };
		9C222559173D022200269E62 /* flag.png */ = {isa = PBXFileReference; lastKnownFileType = image.png; path = flag.png; sourceTree = "<group>"; };
		9C22255A173D022200269E62 /* fog.png */ = {isa = PBXFileReference; lastKnownFileType = image.png; path = fog.png; sourceTree = "<group>"; };
		9C22255B173D022200269E62 /* heart.png */ = {isa = PBXFileReference; lastKnownFileType = image.png; path = heart.png; sourceTree = "<group>"; };
		9C2225AA173D029200269E62 /* level1.lvl */ = {isa = PBXFileReference; fileEncoding = 4; lastKnownFileType = text; path = level1.lvl; sourceTree = "<group>"; };
		9C2225AB173D029200269E62 /* level2.lvl */ = {isa = PBXFileReference; fileEncoding = 4; lastKnownFileType = text; path = level2.lvl; sourceTree = "<group>"; };
		9C2225AC173D029200269E62 /* level3.lvl */ = {isa = PBXFileReference; fileEncoding = 4; lastKnownFileType = text; path = level3.lvl; sourceTree = "<group>"; };
		9C2225AD173D029200269E62 /* level4.lvl */ = {isa = PBXFileReference; fileEncoding = 4; lastKnownFileType = text; path = level4.lvl; sourceTree = "<group>"; };
		E4167DA7174B5A3900F15015 /* Roboter.png */ = {isa = PBXFileReference; lastKnownFileType = image.png; path = Roboter.png; sourceTree = "<group>"; };
		E4167DA8174B5A3A00F15015 /* Roboter@2x.png */ = {isa = PBXFileReference; lastKnownFileType = image.png; path = "Roboter@2x.png"; sourceTree = "<group>"; };
		E4167DA9174B5A3A00F15015 /* Roboter2.png */ = {isa = PBXFileReference; lastKnownFileType = image.png; path = Roboter2.png; sourceTree = "<group>"; };
		E4167DAA174B5A3B00F15015 /* Roboter2@2x.png */ = {isa = PBXFileReference; lastKnownFileType = image.png; path = "Roboter2@2x.png"; sourceTree = "<group>"; };
		E4167DAB174B5A3B00F15015 /* Roboter3.png */ = {isa = PBXFileReference; lastKnownFileType = image.png; path = Roboter3.png; sourceTree = "<group>"; };
		E4167DAC174B5A3C00F15015 /* Roboter3@2x.png */ = {isa = PBXFileReference; lastKnownFileType = image.png; path = "Roboter3@2x.png"; sourceTree = "<group>"; };
		E4167DAD174B5A3D00F15015 /* Roboter4.png */ = {isa = PBXFileReference; lastKnownFileType = image.png; path = Roboter4.png; sourceTree = "<group>"; };
		E4167DAE174B5A3D00F15015 /* Roboter4@2x.png */ = {isa = PBXFileReference; lastKnownFileType = image.png; path = "Roboter4@2x.png"; sourceTree = "<group>"; };
		E4167DAF174B5A3F00F15015 /* Roboter5.png */ = {isa = PBXFileReference; lastKnownFileType = image.png; path = Roboter5.png; sourceTree = "<group>"; };
		E4167DB0174B5A3F00F15015 /* Roboter5@2x.png */ = {isa = PBXFileReference; lastKnownFileType = image.png; path = "Roboter5@2x.png"; sourceTree = "<group>"; };
		E4167DBB174B5E0100F15015 /* Sprung.png */ = {isa = PBXFileReference; lastKnownFileType = image.png; path = Sprung.png; sourceTree = "<group>"; };
		E4167DBC174B5E0200F15015 /* Sprung@2x.png */ = {isa = PBXFileReference; lastKnownFileType = image.png; path = "Sprung@2x.png"; sourceTree = "<group>"; };
		E4167DBD174B5E0200F15015 /* Sprung2.png */ = {isa = PBXFileReference; lastKnownFileType = image.png; path = Sprung2.png; sourceTree = "<group>"; };
		E4167DBE174B5E0300F15015 /* Sprung2@2.png */ = {isa = PBXFileReference; lastKnownFileType = image.png; path = "Sprung2@2.png"; sourceTree = "<group>"; };
		E4167DBF174B5E0300F15015 /* Sprung3.png */ = {isa = PBXFileReference; lastKnownFileType = image.png; path = Sprung3.png; sourceTree = "<group>"; };
		E4167DC0174B5E0400F15015 /* Sprung3@2x.png */ = {isa = PBXFileReference; lastKnownFileType = image.png; path = "Sprung3@2x.png"; sourceTree = "<group>"; };
		E4167DC1174B5E0500F15015 /* Sprung4.png */ = {isa = PBXFileReference; lastKnownFileType = image.png; path = Sprung4.png; sourceTree = "<group>"; };
		E4167DC2174B5E0600F15015 /* Sprung4@2x.png */ = {isa = PBXFileReference; lastKnownFileType = image.png; path = "Sprung4@2x.png"; sourceTree = "<group>"; };
		E4167DC3174B5E0600F15015 /* Sprung5.png */ = {isa = PBXFileReference; lastKnownFileType = image.png; path = Sprung5.png; sourceTree = "<group>"; };
		E4167DC4174B5E0700F15015 /* Sprung5@2x.png */ = {isa = PBXFileReference; lastKnownFileType = image.png; path = "Sprung5@2x.png"; sourceTree = "<group>"; };
		E4167DCF174B680900F15015 /* jump.png */ = {isa = PBXFileReference; lastKnownFileType = image.png; path = jump.png; sourceTree = "<group>"; };
		E4167DD0174B680A00F15015 /* jump@2x.png */ = {isa = PBXFileReference; lastKnownFileType = image.png; path = "jump@2x.png"; sourceTree = "<group>"; };
		E4167DD1174B680C00F15015 /* links.png */ = {isa = PBXFileReference; lastKnownFileType = image.png; path = links.png; sourceTree = "<group>"; };
		E4167DD2174B680D00F15015 /* links@2x.png */ = {isa = PBXFileReference; lastKnownFileType = image.png; path = "links@2x.png"; sourceTree = "<group>"; };
		E4167DD3174B680E00F15015 /* rechts.png */ = {isa = PBXFileReference; lastKnownFileType = image.png; path = rechts.png; sourceTree = "<group>"; };
		E4167DD4174B680F00F15015 /* rechts@2x.png */ = {isa = PBXFileReference; lastKnownFileType = image.png; path = "rechts@2x.png"; sourceTree = "<group>"; };
		E4167DDC174B6E3500F15015 /* bg_layer1@2x.png */ = {isa = PBXFileReference; lastKnownFileType = image.png; path = "bg_layer1@2x.png"; sourceTree = "<group>"; };
		E4167DE0174B6E5600F15015 /* bg_layer2@2x.png */ = {isa = PBXFileReference; lastKnownFileType = image.png; path = "bg_layer2@2x.png"; sourceTree = "<group>"; };
		E4167DE3174B6F2B00F15015 /* bg_layer1.png */ = {isa = PBXFileReference; lastKnownFileType = image.png; path = bg_layer1.png; sourceTree = "<group>"; };
		E4167DE5174B6F3300F15015 /* bg_layer2.png */ = {isa = PBXFileReference; lastKnownFileType = image.png; path = bg_layer2.png; sourceTree = "<group>"; };
		E4167DE7174B6FBF00F15015 /* Feind.png */ = {isa = PBXFileReference; lastKnownFileType = image.png; path = Feind.png; sourceTree = "<group>"; };
		E4167DE8174B6FC000F15015 /* Feind@2x.png */ = {isa = PBXFileReference; lastKnownFileType = image.png; path = "Feind@2x.png"; sourceTree = "<group>"; };
		E4167DE9174B6FC100F15015 /* Feind2.png */ = {isa = PBXFileReference; lastKnownFileType = image.png; path = Feind2.png; sourceTree = "<group>"; };
		E4167DEA174B6FC200F15015 /* Feind2@2x.png */ = {isa = PBXFileReference; lastKnownFileType = image.png; path = "Feind2@2x.png"; sourceTree = "<group>"; };
		E4167DEB174B6FC300F15015 /* Feind3.png */ = {isa = PBXFileReference; lastKnownFileType = image.png; path = Feind3.png; sourceTree = "<group>"; };
		E4167DEC174B6FC500F15015 /* Feind3@2x.png */ = {isa = PBXFileReference; lastKnownFileType = image.png; path = "Feind3@2x.png"; sourceTree = "<group>"; };
		E4167DED174B6FC600F15015 /* Feind4.png */ = {isa = PBXFileReference; lastKnownFileType = image.png; path = Feind4.png; sourceTree = "<group>"; };
		E4167DEE174B6FC700F15015 /* Feind4@2x.png */ = {isa = PBXFileReference; lastKnownFileType = image.png; path = "Feind4@2x.png"; sourceTree = "<group>"; };
		E4167DEF174B6FC900F15015 /* Feind5.png */ = {isa = PBXFileReference; lastKnownFileType = image.png; path = Feind5.png; sourceTree = "<group>"; };
		E4167DF0174B6FCA00F15015 /* Feind5@2x.png */ = {isa = PBXFileReference; lastKnownFileType = image.png; path = "Feind5@2x.png"; sourceTree = "<group>"; };
		E4167E1F174B7FFB00F15015 /* small_Container.png */ = {isa = PBXFileReference; lastKnownFileType = image.png; path = small_Container.png; sourceTree = "<group>"; };
		E4167E20174B7FFD00F15015 /* small_Container@2x.png */ = {isa = PBXFileReference; lastKnownFileType = image.png; path = "small_Container@2x.png"; sourceTree = "<group>"; };
		E4167E23174B800400F15015 /* Container_green.png */ = {isa = PBXFileReference; lastKnownFileType = image.png; path = Container_green.png; sourceTree = "<group>"; };
		E4167E24174B800600F15015 /* Container_green@2x.png */ = {isa = PBXFileReference; lastKnownFileType = image.png; path = "Container_green@2x.png"; sourceTree = "<group>"; };
		E4167E27174B808300F15015 /* Kran.png */ = {isa = PBXFileReference; lastKnownFileType = image.png; path = Kran.png; sourceTree = "<group>"; };
		E4167E28174B808500F15015 /* Kran@2x.png */ = {isa = PBXFileReference; lastKnownFileType = image.png; path = "Kran@2x.png"; sourceTree = "<group>"; };
		E4167E2B174B80D600F15015 /* Stahltraeger.png */ = {isa = PBXFileReference; lastKnownFileType = image.png; path = Stahltraeger.png; sourceTree = "<group>"; };
		E4167E2C174B80D800F15015 /* Stahltraeger@2x.png */ = {isa = PBXFileReference; lastKnownFileType = image.png; path = "Stahltraeger@2x.png"; sourceTree = "<group>"; };
		E4167E2F174B80F700F15015 /* Holzkiste.png */ = {isa = PBXFileReference; lastKnownFileType = image.png; path = Holzkiste.png; sourceTree = "<group>"; };
		E4167E30174B80F900F15015 /* Holzkiste@2x.png */ = {isa = PBXFileReference; lastKnownFileType = image.png; path = "Holzkiste@2x.png"; sourceTree = "<group>"; };
		E4167E33174B82DA00F15015 /* Platform.png */ = {isa = PBXFileReference; lastKnownFileType = image.png; path = Platform.png; sourceTree = "<group>"; };
		E4167E35174B873000F15015 /* Platform@2x.png */ = {isa = PBXFileReference; lastKnownFileType = image.png; path = "Platform@2x.png"; sourceTree = "<group>"; };
		E4167E36174B873100F15015 /* Platform2.png */ = {isa = PBXFileReference; lastKnownFileType = image.png; path = Platform2.png; sourceTree = "<group>"; };
		E4167E37174B873200F15015 /* Platform2@2x.png */ = {isa = PBXFileReference; lastKnownFileType = image.png; path = "Platform2@2x.png"; sourceTree = "<group>"; };
		E4167E38174B873300F15015 /* Platform3.png */ = {isa = PBXFileReference; lastKnownFileType = image.png; path = Platform3.png; sourceTree = "<group>"; };
		E4167E39174B873400F15015 /* Platform3@2x.png */ = {isa = PBXFileReference; lastKnownFileType = image.png; path = "Platform3@2x.png"; sourceTree = "<group>"; };
		E4167E3A174B873600F15015 /* Platform4.png */ = {isa = PBXFileReference; lastKnownFileType = image.png; path = Platform4.png; sourceTree = "<group>"; };
		E4167E3B174B873700F15015 /* Platform4@2x.png */ = {isa = PBXFileReference; lastKnownFileType = image.png; path = "Platform4@2x.png"; sourceTree = "<group>"; };
		E4167E3C174B873800F15015 /* Platform5.png */ = {isa = PBXFileReference; lastKnownFileType = image.png; path = Platform5.png; sourceTree = "<group>"; };
		E4167E3D174B873900F15015 /* Platform5@2x.png */ = {isa = PBXFileReference; lastKnownFileType = image.png; path = "Platform5@2x.png"; sourceTree = "<group>"; };
		E4167E3E174B873B00F15015 /* Platform6.png */ = {isa = PBXFileReference; lastKnownFileType = image.png; path = Platform6.png; sourceTree = "<group>"; };
		E4167E3F174B873C00F15015 /* Platform6@2x.png */ = {isa = PBXFileReference; lastKnownFileType = image.png; path = "Platform6@2x.png"; sourceTree = "<group>"; };
		E4167E40174B873D00F15015 /* Platform7.png */ = {isa = PBXFileReference; lastKnownFileType = image.png; path = Platform7.png; sourceTree = "<group>"; };
		E4167E41174B873F00F15015 /* Platform7@2x.png */ = {isa = PBXFileReference; lastKnownFileType = image.png; path = "Platform7@2x.png"; sourceTree = "<group>"; };
		E4167E42174B874000F15015 /* Platform8.png */ = {isa = PBXFileReference; lastKnownFileType = image.png; path = Platform8.png; sourceTree = "<group>"; };
		E4167E43174B874200F15015 /* Platform8@2x.png */ = {isa = PBXFileReference; lastKnownFileType = image.png; path = "Platform8@2x.png"; sourceTree = "<group>"; };
		E4167E44174B874300F15015 /* Platform9.png */ = {isa = PBXFileReference; lastKnownFileType = image.png; path = Platform9.png; sourceTree = "<group>"; };
		E4167E45174B874400F15015 /* Platform9@2x.png */ = {isa = PBXFileReference; lastKnownFileType = image.png; path = "Platform9@2x.png"; sourceTree = "<group>"; };
		E4167E46174B874600F15015 /* Platform10.png */ = {isa = PBXFileReference; lastKnownFileType = image.png; path = Platform10.png; sourceTree = "<group>"; };
		E4167E47174B874700F15015 /* Platform10@2x.png */ = {isa = PBXFileReference; lastKnownFileType = image.png; path = "Platform10@2x.png"; sourceTree = "<group>"; };
		E4167E48174B874900F15015 /* Platform11.png */ = {isa = PBXFileReference; lastKnownFileType = image.png; path = Platform11.png; sourceTree = "<group>"; };
		E4167E49174B874A00F15015 /* Platform11@2x.png */ = {isa = PBXFileReference; lastKnownFileType = image.png; path = "Platform11@2x.png"; sourceTree = "<group>"; };
		E4167E4A174B874B00F15015 /* Platform12.png */ = {isa = PBXFileReference; lastKnownFileType = image.png; path = Platform12.png; sourceTree = "<group>"; };
		E4167E4B174B874D00F15015 /* Platform12@2x.png */ = {isa = PBXFileReference; lastKnownFileType = image.png; path = "Platform12@2x.png"; sourceTree = "<group>"; };
		E4167E4C174B874E00F15015 /* Platform13.png */ = {isa = PBXFileReference; lastKnownFileType = image.png; path = Platform13.png; sourceTree = "<group>"; };
		E4167E4D174B875000F15015 /* Platform13@2x.png */ = {isa = PBXFileReference; lastKnownFileType = image.png; path = "Platform13@2x.png"; sourceTree = "<group>"; };
		E428F411174DF843005C9391 /* IMG_0056.PNG */ = {isa = PBXFileReference; lastKnownFileType = image.png; path = IMG_0056.PNG; sourceTree = "<group>"; };
		E428F413174DFE69005C9391 /* LevelViewController.h */ = {isa = PBXFileReference; fileEncoding = 4; lastKnownFileType = sourcecode.c.h; path = LevelViewController.h; sourceTree = "<group>"; };
		E428F414174DFE69005C9391 /* LevelViewController.m */ = {isa = PBXFileReference; fileEncoding = 4; lastKnownFileType = sourcecode.c.objc; path = LevelViewController.m; sourceTree = "<group>"; };
		E4943549174CAEA3005B844A /* Power.png */ = {isa = PBXFileReference; lastKnownFileType = image.png; path = Power.png; sourceTree = "<group>"; };
		E494354A174CAEA3005B844A /* Power@2x.png */ = {isa = PBXFileReference; lastKnownFileType = image.png; path = "Power@2x.png"; sourceTree = "<group>"; };
		E494354B174CAEA3005B844A /* Power2.png */ = {isa = PBXFileReference; lastKnownFileType = image.png; path = Power2.png; sourceTree = "<group>"; };
		E494354C174CAEA3005B844A /* Power2@2x.png */ = {isa = PBXFileReference; lastKnownFileType = image.png; path = "Power2@2x.png"; sourceTree = "<group>"; };
		E494354D174CAEA3005B844A /* Power3.png */ = {isa = PBXFileReference; lastKnownFileType = image.png; path = Power3.png; sourceTree = "<group>"; };
		E494354E174CAEA3005B844A /* Power3@2x.png */ = {isa = PBXFileReference; lastKnownFileType = image.png; path = "Power3@2x.png"; sourceTree = "<group>"; };
		E494354F174CAEA3005B844A /* Power4.png */ = {isa = PBXFileReference; lastKnownFileType = image.png; path = Power4.png; sourceTree = "<group>"; };
		E4943550174CAEA3005B844A /* Power4@2x.png */ = {isa = PBXFileReference; lastKnownFileType = image.png; path = "Power4@2x.png"; sourceTree = "<group>"; };
		E4943551174CAEA3005B844A /* Power5.png */ = {isa = PBXFileReference; lastKnownFileType = image.png; path = Power5.png; sourceTree = "<group>"; };
		E4943552174CAEA3005B844A /* Power5@2x.png */ = {isa = PBXFileReference; lastKnownFileType = image.png; path = "Power5@2x.png"; sourceTree = "<group>"; };
		E4943553174CAEA3005B844A /* Power6.png */ = {isa = PBXFileReference; lastKnownFileType = image.png; path = Power6.png; sourceTree = "<group>"; };
		E4943554174CAEA3005B844A /* Power6@2x.png */ = {isa = PBXFileReference; lastKnownFileType = image.png; path = "Power6@2x.png"; sourceTree = "<group>"; };
		E4943555174CAEA3005B844A /* Power7.png */ = {isa = PBXFileReference; lastKnownFileType = image.png; path = Power7.png; sourceTree = "<group>"; };
		E4943556174CAEA3005B844A /* Power7@2x.png */ = {isa = PBXFileReference; lastKnownFileType = image.png; path = "Power7@2x.png"; sourceTree = "<group>"; };
		E4943557174CAEA3005B844A /* Power8.png */ = {isa = PBXFileReference; lastKnownFileType = image.png; path = Power8.png; sourceTree = "<group>"; };
		E4943558174CAEA3005B844A /* Power8@2x.png */ = {isa = PBXFileReference; lastKnownFileType = image.png; path = "Power8@2x.png"; sourceTree = "<group>"; };
		E4943559174CAEA3005B844A /* Power9.png */ = {isa = PBXFileReference; lastKnownFileType = image.png; path = Power9.png; sourceTree = "<group>"; };
		E494355A174CAEA3005B844A /* Power9@2x.png */ = {isa = PBXFileReference; lastKnownFileType = image.png; path = "Power9@2x.png"; sourceTree = "<group>"; };
		E494355B174CAEA3005B844A /* Power10.png */ = {isa = PBXFileReference; lastKnownFileType = image.png; path = Power10.png; sourceTree = "<group>"; };
		E494355C174CAEA3005B844A /* Power10@2x.png */ = {isa = PBXFileReference; lastKnownFileType = image.png; path = "Power10@2x.png"; sourceTree = "<group>"; };
		E4943571174CB869005B844A /* Power10_neu.png */ = {isa = PBXFileReference; lastKnownFileType = image.png; path = Power10_neu.png; sourceTree = "<group>"; };
		E4943573174CBAED005B844A /* Wolke.png */ = {isa = PBXFileReference; lastKnownFileType = image.png; path = Wolke.png; sourceTree = "<group>"; };
		E4943574174CBAED005B844A /* Wolke@2x.png */ = {isa = PBXFileReference; lastKnownFileType = image.png; path = "Wolke@2x.png"; sourceTree = "<group>"; };
		E4943577174CC7A1005B844A /* Oel_tropfen.png */ = {isa = PBXFileReference; lastKnownFileType = image.png; path = Oel_tropfen.png; sourceTree = "<group>"; };
		E4943578174CC7A1005B844A /* Oel_tropfen@2x.png */ = {isa = PBXFileReference; lastKnownFileType = image.png; path = "Oel_tropfen@2x.png"; sourceTree = "<group>"; };
		E494357B174CE439005B844A /* AudioToolbox.framework */ = {isa = PBXFileReference; lastKnownFileType = wrapper.framework; name = AudioToolbox.framework; path = System/Library/Frameworks/AudioToolbox.framework; sourceTree = SDKROOT; };
		E4B41122174E0E5A007AF4C8 /* wasser.png */ = {isa = PBXFileReference; lastKnownFileType = image.png; path = wasser.png; sourceTree = "<group>"; };
		E4B41123174E0E5A007AF4C8 /* wasser@2x.png */ = {isa = PBXFileReference; lastKnownFileType = image.png; path = "wasser@2x.png"; sourceTree = "<group>"; };
		E4B41124174E0E5A007AF4C8 /* wasser2.png */ = {isa = PBXFileReference; lastKnownFileType = image.png; path = wasser2.png; sourceTree = "<group>"; };
		E4B41125174E0E5A007AF4C8 /* wasser2@2x.png */ = {isa = PBXFileReference; lastKnownFileType = image.png; path = "wasser2@2x.png"; sourceTree = "<group>"; };
		E4B41126174E0E5A007AF4C8 /* wasser3.png */ = {isa = PBXFileReference; lastKnownFileType = image.png; path = wasser3.png; sourceTree = "<group>"; };
		E4B41127174E0E5A007AF4C8 /* wasser3@2x.png */ = {isa = PBXFileReference; lastKnownFileType = image.png; path = "wasser3@2x.png"; sourceTree = "<group>"; };
		E4ED15CF174D05F200411EF2 /* level5.lvl */ = {isa = PBXFileReference; fileEncoding = 4; lastKnownFileType = text; path = level5.lvl; sourceTree = "<group>"; };
		E4FD6760174CF7AE00303ACC /* SecondViewController.h */ = {isa = PBXFileReference; fileEncoding = 4; lastKnownFileType = sourcecode.c.h; name = SecondViewController.h; path = ../SecondViewController.h; sourceTree = "<group>"; };
		E4FD6761174CF7AE00303ACC /* SecondViewController.m */ = {isa = PBXFileReference; fileEncoding = 4; lastKnownFileType = sourcecode.c.objc; name = SecondViewController.m; path = ../SecondViewController.m; sourceTree = "<group>"; };
/* End PBXFileReference section */

/* Begin PBXFrameworksBuildPhase section */
		9C22250A173D013500269E62 /* Frameworks */ = {
			isa = PBXFrameworksBuildPhase;
			buildActionMask = 2147483647;
			files = (
				E494357C174CE439005B844A /* AudioToolbox.framework in Frameworks */,
				9C222515173D013500269E62 /* CoreGraphics.framework in Frameworks */,
				9C222550173D020400269E62 /* QuartzCore.framework in Frameworks */,
				9C222511173D013500269E62 /* UIKit.framework in Frameworks */,
				9C222513173D013500269E62 /* Foundation.framework in Frameworks */,
			);
			runOnlyForDeploymentPostprocessing = 0;
		};
		9C22252F173D013500269E62 /* Frameworks */ = {
			isa = PBXFrameworksBuildPhase;
			buildActionMask = 2147483647;
			files = (
				9C222535173D013500269E62 /* SenTestingKit.framework in Frameworks */,
				9C222536173D013500269E62 /* UIKit.framework in Frameworks */,
				9C222537173D013500269E62 /* Foundation.framework in Frameworks */,
			);
			runOnlyForDeploymentPostprocessing = 0;
		};
/* End PBXFrameworksBuildPhase section */

/* Begin PBXGroup section */
		9C222504173D013500269E62 = {
			isa = PBXGroup;
			children = (
				E494357B174CE439005B844A /* AudioToolbox.framework */,
				9C22254F173D020400269E62 /* QuartzCore.framework */,
				9C222516173D013500269E62 /* Robolution */,
				9C22253A173D013500269E62 /* RobolutionTests */,
				9C22250F173D013500269E62 /* Frameworks */,
				9C22250E173D013500269E62 /* Products */,
			);
			sourceTree = "<group>";
		};
		9C22250E173D013500269E62 /* Products */ = {
			isa = PBXGroup;
			children = (
				9C22250D173D013500269E62 /* Robolution.app */,
				9C222533173D013500269E62 /* RobolutionTests.octest */,
			);
			name = Products;
			sourceTree = "<group>";
		};
		9C22250F173D013500269E62 /* Frameworks */ = {
			isa = PBXGroup;
			children = (
				9C222510173D013500269E62 /* UIKit.framework */,
				9C222512173D013500269E62 /* Foundation.framework */,
				9C222514173D013500269E62 /* CoreGraphics.framework */,
				9C222534173D013500269E62 /* SenTestingKit.framework */,
			);
			name = Frameworks;
			sourceTree = "<group>";
		};
		9C222516173D013500269E62 /* Robolution */ = {
			isa = PBXGroup;
			children = (
				9C2225AA173D029200269E62 /* level1.lvl */,
				9C2225AB173D029200269E62 /* level2.lvl */,
				9C2225AC173D029200269E62 /* level3.lvl */,
				9C2225AD173D029200269E62 /* level4.lvl */,
				E4ED15CF174D05F200411EF2 /* level5.lvl */,
				9C22251F173D013500269E62 /* AppDelegate.h */,
				9C222520173D013500269E62 /* AppDelegate.m */,
				9C222528173D013500269E62 /* MainStoryboard.storyboard */,
				9C22252B173D013500269E62 /* ViewController.h */,
				9C22252C173D013500269E62 /* ViewController.m */,
				9C22254B173D01AA00269E62 /* constants.h */,
				9C22254C173D01C500269E62 /* Sprite.h */,
				9C22254D173D01C500269E62 /* Sprite.m */,
				E428F413174DFE69005C9391 /* LevelViewController.h */,
				E428F414174DFE69005C9391 /* LevelViewController.m */,
				E4FD6760174CF7AE00303ACC /* SecondViewController.h */,
				E4FD6761174CF7AE00303ACC /* SecondViewController.m */,
				E422615D174123500051C3AB /* Bilder */,
				9C222517173D013500269E62 /* Supporting Files */,
			);
			path = Robolution;
			sourceTree = "<group>";
		};
		9C222517173D013500269E62 /* Supporting Files */ = {
			isa = PBXGroup;
			children = (
				9C222518173D013500269E62 /* Robolution-Info.plist */,
				9C222519173D013500269E62 /* InfoPlist.strings */,
				9C22251C173D013500269E62 /* main.m */,
				9C22251E173D013500269E62 /* Robolution-Prefix.pch */,
				9C222522173D013500269E62 /* Default.png */,
				9C222524173D013500269E62 /* Default@2x.png */,
				9C222526173D013500269E62 /* Default-568h@2x.png */,
			);
			name = "Supporting Files";
			sourceTree = "<group>";
		};
		9C22253A173D013500269E62 /* RobolutionTests */ = {
			isa = PBXGroup;
			children = (
				9C222540173D013500269E62 /* RobolutionTests.h */,
				9C222541173D013500269E62 /* RobolutionTests.m */,
				9C22253B173D013500269E62 /* Supporting Files */,
			);
			path = RobolutionTests;
			sourceTree = "<group>";
		};
		9C22253B173D013500269E62 /* Supporting Files */ = {
			isa = PBXGroup;
			children = (
				9C22253C173D013500269E62 /* RobolutionTests-Info.plist */,
				9C22253D173D013500269E62 /* InfoPlist.strings */,
			);
			name = "Supporting Files";
			sourceTree = "<group>";
		};
		E422615D174123500051C3AB /* Bilder */ = {
			isa = PBXGroup;
			children = (
				9C222551173D022200269E62 /* bg.png */,
				9C222558173D022200269E62 /* fairyfog.png */,
				9C222559173D022200269E62 /* flag.png */,
				9C22255A173D022200269E62 /* fog.png */,
				9C22255B173D022200269E62 /* heart.png */,
				E4167DA7174B5A3900F15015 /* Roboter.png */,
				E4167DA8174B5A3A00F15015 /* Roboter@2x.png */,
				E4167DA9174B5A3A00F15015 /* Roboter2.png */,
				E4167DAA174B5A3B00F15015 /* Roboter2@2x.png */,
				E4167DAB174B5A3B00F15015 /* Roboter3.png */,
				E4167DAC174B5A3C00F15015 /* Roboter3@2x.png */,
				E4167DAD174B5A3D00F15015 /* Roboter4.png */,
				E4167DAE174B5A3D00F15015 /* Roboter4@2x.png */,
				E4167DAF174B5A3F00F15015 /* Roboter5.png */,
				E4167DB0174B5A3F00F15015 /* Roboter5@2x.png */,
				E4167DBB174B5E0100F15015 /* Sprung.png */,
				E4167DBC174B5E0200F15015 /* Sprung@2x.png */,
				E4167DBD174B5E0200F15015 /* Sprung2.png */,
				E4167DBE174B5E0300F15015 /* Sprung2@2.png */,
				E4167DBF174B5E0300F15015 /* Sprung3.png */,
				E4167DC0174B5E0400F15015 /* Sprung3@2x.png */,
				E4167DC1174B5E0500F15015 /* Sprung4.png */,
				E4167DC2174B5E0600F15015 /* Sprung4@2x.png */,
				E4167DC3174B5E0600F15015 /* Sprung5.png */,
				E4167DC4174B5E0700F15015 /* Sprung5@2x.png */,
				E4167DCF174B680900F15015 /* jump.png */,
				E4167DD0174B680A00F15015 /* jump@2x.png */,
				E4167DD1174B680C00F15015 /* links.png */,
				E4167DD2174B680D00F15015 /* links@2x.png */,
				E4167DD3174B680E00F15015 /* rechts.png */,
				E4167DD4174B680F00F15015 /* rechts@2x.png */,
				E4167DDC174B6E3500F15015 /* bg_layer1@2x.png */,
				E4167DE3174B6F2B00F15015 /* bg_layer1.png */,
				E4167DE0174B6E5600F15015 /* bg_layer2@2x.png */,
				E4167DE5174B6F3300F15015 /* bg_layer2.png */,
				E4167DE7174B6FBF00F15015 /* Feind.png */,
				E4167DE8174B6FC000F15015 /* Feind@2x.png */,
				E4167DE9174B6FC100F15015 /* Feind2.png */,
				E4167DEA174B6FC200F15015 /* Feind2@2x.png */,
				E4167DEB174B6FC300F15015 /* Feind3.png */,
				E4167DEC174B6FC500F15015 /* Feind3@2x.png */,
				E4167DED174B6FC600F15015 /* Feind4.png */,
				E4167DEE174B6FC700F15015 /* Feind4@2x.png */,
				E4167DEF174B6FC900F15015 /* Feind5.png */,
				E4167DF0174B6FCA00F15015 /* Feind5@2x.png */,
				E4167E1F174B7FFB00F15015 /* small_Container.png */,
				E4167E20174B7FFD00F15015 /* small_Container@2x.png */,
				E4167E23174B800400F15015 /* Container_green.png */,
				E4167E24174B800600F15015 /* Container_green@2x.png */,
				E4167E27174B808300F15015 /* Kran.png */,
				E4167E28174B808500F15015 /* Kran@2x.png */,
				E4167E2B174B80D600F15015 /* Stahltraeger.png */,
				E4167E2C174B80D800F15015 /* Stahltraeger@2x.png */,
				E4167E2F174B80F700F15015 /* Holzkiste.png */,
				E4167E30174B80F900F15015 /* Holzkiste@2x.png */,
				E4167E33174B82DA00F15015 /* Platform.png */,
				E4167E35174B873000F15015 /* Platform@2x.png */,
				E4167E36174B873100F15015 /* Platform2.png */,
				E4167E37174B873200F15015 /* Platform2@2x.png */,
				E4167E38174B873300F15015 /* Platform3.png */,
				E4167E39174B873400F15015 /* Platform3@2x.png */,
				E4167E3A174B873600F15015 /* Platform4.png */,
				E4167E3B174B873700F15015 /* Platform4@2x.png */,
				E4167E3C174B873800F15015 /* Platform5.png */,
				E4167E3D174B873900F15015 /* Platform5@2x.png */,
				E4167E3E174B873B00F15015 /* Platform6.png */,
				E4167E3F174B873C00F15015 /* Platform6@2x.png */,
				E4167E40174B873D00F15015 /* Platform7.png */,
				E4167E41174B873F00F15015 /* Platform7@2x.png */,
				E4167E42174B874000F15015 /* Platform8.png */,
				E4167E43174B874200F15015 /* Platform8@2x.png */,
				E4167E44174B874300F15015 /* Platform9.png */,
				E4167E45174B874400F15015 /* Platform9@2x.png */,
				E4167E46174B874600F15015 /* Platform10.png */,
				E4167E47174B874700F15015 /* Platform10@2x.png */,
				E4167E48174B874900F15015 /* Platform11.png */,
				E4167E49174B874A00F15015 /* Platform11@2x.png */,
				E4167E4A174B874B00F15015 /* Platform12.png */,
				E4167E4B174B874D00F15015 /* Platform12@2x.png */,
				E4167E4C174B874E00F15015 /* Platform13.png */,
				E4167E4D174B875000F15015 /* Platform13@2x.png */,
				E4943549174CAEA3005B844A /* Power.png */,
				E494354A174CAEA3005B844A /* Power@2x.png */,
				E494354B174CAEA3005B844A /* Power2.png */,
				E494354C174CAEA3005B844A /* Power2@2x.png */,
				E494354D174CAEA3005B844A /* Power3.png */,
				E494354E174CAEA3005B844A /* Power3@2x.png */,
				E494354F174CAEA3005B844A /* Power4.png */,
				E4943550174CAEA3005B844A /* Power4@2x.png */,
				E4943551174CAEA3005B844A /* Power5.png */,
				E4943552174CAEA3005B844A /* Power5@2x.png */,
				E4943553174CAEA3005B844A /* Power6.png */,
				E4943554174CAEA3005B844A /* Power6@2x.png */,
				E4943555174CAEA3005B844A /* Power7.png */,
				E4943556174CAEA3005B844A /* Power7@2x.png */,
				E4943557174CAEA3005B844A /* Power8.png */,
				E4943558174CAEA3005B844A /* Power8@2x.png */,
				E4943559174CAEA3005B844A /* Power9.png */,
				E494355A174CAEA3005B844A /* Power9@2x.png */,
				E494355B174CAEA3005B844A /* Power10.png */,
				E494355C174CAEA3005B844A /* Power10@2x.png */,
				E4943571174CB869005B844A /* Power10_neu.png */,
				E4943573174CBAED005B844A /* Wolke.png */,
				E4943574174CBAED005B844A /* Wolke@2x.png */,
				E4943577174CC7A1005B844A /* Oel_tropfen.png */,
				E4943578174CC7A1005B844A /* Oel_tropfen@2x.png */,
				E428F411174DF843005C9391 /* IMG_0056.PNG */,
				E4B41122174E0E5A007AF4C8 /* wasser.png */,
				E4B41123174E0E5A007AF4C8 /* wasser@2x.png */,
				E4B41124174E0E5A007AF4C8 /* wasser2.png */,
				E4B41125174E0E5A007AF4C8 /* wasser2@2x.png */,
				E4B41126174E0E5A007AF4C8 /* wasser3.png */,
				E4B41127174E0E5A007AF4C8 /* wasser3@2x.png */,
			);
			name = Bilder;
			sourceTree = "<group>";
		};
/* End PBXGroup section */

/* Begin PBXNativeTarget section */
		9C22250C173D013500269E62 /* Robolution */ = {
			isa = PBXNativeTarget;
			buildConfigurationList = 9C222545173D013500269E62 /* Build configuration list for PBXNativeTarget "Robolution" */;
			buildPhases = (
				9C222509173D013500269E62 /* Sources */,
				9C22250A173D013500269E62 /* Frameworks */,
				9C22250B173D013500269E62 /* Resources */,
			);
			buildRules = (
			);
			dependencies = (
			);
			name = Robolution;
			productName = Robolution;
			productReference = 9C22250D173D013500269E62 /* Robolution.app */;
			productType = "com.apple.product-type.application";
		};
		9C222532173D013500269E62 /* RobolutionTests */ = {
			isa = PBXNativeTarget;
			buildConfigurationList = 9C222548173D013500269E62 /* Build configuration list for PBXNativeTarget "RobolutionTests" */;
			buildPhases = (
				9C22252E173D013500269E62 /* Sources */,
				9C22252F173D013500269E62 /* Frameworks */,
				9C222530173D013500269E62 /* Resources */,
				9C222531173D013500269E62 /* ShellScript */,
			);
			buildRules = (
			);
			dependencies = (
				9C222539173D013500269E62 /* PBXTargetDependency */,
			);
			name = RobolutionTests;
			productName = RobolutionTests;
			productReference = 9C222533173D013500269E62 /* RobolutionTests.octest */;
			productType = "com.apple.product-type.bundle";
		};
/* End PBXNativeTarget section */

/* Begin PBXProject section */
		9C222505173D013500269E62 /* Project object */ = {
			isa = PBXProject;
			attributes = {
				LastUpgradeCheck = 0460;
				ORGANIZATIONNAME = baniaf;
			};
			buildConfigurationList = 9C222508173D013500269E62 /* Build configuration list for PBXProject "Robolution" */;
			compatibilityVersion = "Xcode 3.2";
			developmentRegion = English;
			hasScannedForEncodings = 0;
			knownRegions = (
				en,
			);
			mainGroup = 9C222504173D013500269E62;
			productRefGroup = 9C22250E173D013500269E62 /* Products */;
			projectDirPath = "";
			projectRoot = "";
			targets = (
				9C22250C173D013500269E62 /* Robolution */,
				9C222532173D013500269E62 /* RobolutionTests */,
			);
		};
/* End PBXProject section */

/* Begin PBXResourcesBuildPhase section */
		9C22250B173D013500269E62 /* Resources */ = {
			isa = PBXResourcesBuildPhase;
			buildActionMask = 2147483647;
			files = (
				9C22251B173D013500269E62 /* InfoPlist.strings in Resources */,
				9C222523173D013500269E62 /* Default.png in Resources */,
				9C222525173D013500269E62 /* Default@2x.png in Resources */,
				9C222527173D013500269E62 /* Default-568h@2x.png in Resources */,
				9C22252A173D013500269E62 /* MainStoryboard.storyboard in Resources */,
				9C22257D173D022200269E62 /* bg.png in Resources */,
				9C222584173D022200269E62 /* fairyfog.png in Resources */,
				9C222585173D022200269E62 /* flag.png in Resources */,
				9C222586173D022200269E62 /* fog.png in Resources */,
				9C222587173D022200269E62 /* heart.png in Resources */,
				9C2225AE173D029200269E62 /* level1.lvl in Resources */,
				9C2225AF173D029200269E62 /* level2.lvl in Resources */,
				9C2225B0173D029200269E62 /* level3.lvl in Resources */,
				9C2225B1173D029200269E62 /* level4.lvl in Resources */,
				E4167DB1174B5A4000F15015 /* Roboter.png in Resources */,
				E4167DB2174B5A4000F15015 /* Roboter@2x.png in Resources */,
				E4167DB3174B5A4000F15015 /* Roboter2.png in Resources */,
				E4167DB4174B5A4000F15015 /* Roboter2@2x.png in Resources */,
				E4167DB5174B5A4000F15015 /* Roboter3.png in Resources */,
				E4167DB6174B5A4000F15015 /* Roboter3@2x.png in Resources */,
				E4167DB7174B5A4000F15015 /* Roboter4.png in Resources */,
				E4167DB8174B5A4000F15015 /* Roboter4@2x.png in Resources */,
				E4167DB9174B5A4000F15015 /* Roboter5.png in Resources */,
				E4167DBA174B5A4000F15015 /* Roboter5@2x.png in Resources */,
				E4167DC5174B5E0800F15015 /* Sprung.png in Resources */,
				E4167DC6174B5E0800F15015 /* Sprung@2x.png in Resources */,
				E4167DC7174B5E0800F15015 /* Sprung2.png in Resources */,
				E4167DC8174B5E0800F15015 /* Sprung2@2.png in Resources */,
				E4167DC9174B5E0800F15015 /* Sprung3.png in Resources */,
				E4167DCA174B5E0800F15015 /* Sprung3@2x.png in Resources */,
				E4167DCB174B5E0800F15015 /* Sprung4.png in Resources */,
				E4167DCC174B5E0800F15015 /* Sprung4@2x.png in Resources */,
				E4167DCD174B5E0800F15015 /* Sprung5.png in Resources */,
				E4167DCE174B5E0800F15015 /* Sprung5@2x.png in Resources */,
				E4167DD5174B681000F15015 /* jump.png in Resources */,
				E4167DD6174B681000F15015 /* jump@2x.png in Resources */,
				E4167DD7174B681000F15015 /* links.png in Resources */,
				E4167DD8174B681000F15015 /* links@2x.png in Resources */,
				E4167DD9174B681000F15015 /* rechts.png in Resources */,
				E4167DDA174B681000F15015 /* rechts@2x.png in Resources */,
				E4167DDE174B6E3700F15015 /* bg_layer1@2x.png in Resources */,
				E4167DE2174B6E5800F15015 /* bg_layer2@2x.png in Resources */,
				E4167DE4174B6F2F00F15015 /* bg_layer1.png in Resources */,
				E4167DE6174B6F4100F15015 /* bg_layer2.png in Resources */,
				E4167DF1174B6FCB00F15015 /* Feind.png in Resources */,
				E4167DF2174B6FCB00F15015 /* Feind@2x.png in Resources */,
				E4167DF3174B6FCB00F15015 /* Feind2.png in Resources */,
				E4167DF4174B6FCB00F15015 /* Feind2@2x.png in Resources */,
				E4167DF5174B6FCB00F15015 /* Feind3.png in Resources */,
				E4167DF6174B6FCB00F15015 /* Feind3@2x.png in Resources */,
				E4167DF7174B6FCB00F15015 /* Feind4.png in Resources */,
				E4167DF8174B6FCB00F15015 /* Feind4@2x.png in Resources */,
				E4167DF9174B6FCB00F15015 /* Feind5.png in Resources */,
				E4167DFA174B6FCB00F15015 /* Feind5@2x.png in Resources */,
				E4167E21174B7FFF00F15015 /* small_Container.png in Resources */,
				E4167E22174B7FFF00F15015 /* small_Container@2x.png in Resources */,
				E4167E25174B800800F15015 /* Container_green.png in Resources */,
				E4167E26174B800800F15015 /* Container_green@2x.png in Resources */,
				E4167E29174B808700F15015 /* Kran.png in Resources */,
				E4167E2A174B808700F15015 /* Kran@2x.png in Resources */,
				E4167E2D174B80DA00F15015 /* Stahltraeger.png in Resources */,
				E4167E2E174B80DA00F15015 /* Stahltraeger@2x.png in Resources */,
				E4167E31174B80FC00F15015 /* Holzkiste.png in Resources */,
				E4167E32174B80FC00F15015 /* Holzkiste@2x.png in Resources */,
				E4167E34174B82DC00F15015 /* Platform.png in Resources */,
				E4167E4E174B875100F15015 /* Platform@2x.png in Resources */,
				E4167E4F174B875100F15015 /* Platform2.png in Resources */,
				E4167E50174B875100F15015 /* Platform2@2x.png in Resources */,
				E4167E51174B875100F15015 /* Platform3.png in Resources */,
				E4167E52174B875100F15015 /* Platform3@2x.png in Resources */,
				E4167E53174B875100F15015 /* Platform4.png in Resources */,
				E4167E54174B875100F15015 /* Platform4@2x.png in Resources */,
				E4167E55174B875100F15015 /* Platform5.png in Resources */,
				E4167E56174B875100F15015 /* Platform5@2x.png in Resources */,
				E4167E57174B875100F15015 /* Platform6.png in Resources */,
				E4167E58174B875100F15015 /* Platform6@2x.png in Resources */,
				E4167E59174B875100F15015 /* Platform7.png in Resources */,
				E4167E5A174B875100F15015 /* Platform7@2x.png in Resources */,
				E4167E5B174B875100F15015 /* Platform8.png in Resources */,
				E4167E5C174B875100F15015 /* Platform8@2x.png in Resources */,
				E4167E5D174B875100F15015 /* Platform9.png in Resources */,
				E4167E5E174B875100F15015 /* Platform9@2x.png in Resources */,
				E4167E5F174B875100F15015 /* Platform10.png in Resources */,
				E4167E60174B875100F15015 /* Platform10@2x.png in Resources */,
				E4167E61174B875100F15015 /* Platform11.png in Resources */,
				E4167E62174B875100F15015 /* Platform11@2x.png in Resources */,
				E4167E63174B875100F15015 /* Platform12.png in Resources */,
				E4167E64174B875100F15015 /* Platform12@2x.png in Resources */,
				E4167E65174B875100F15015 /* Platform13.png in Resources */,
				E4167E66174B875100F15015 /* Platform13@2x.png in Resources */,
				E494355D174CAEA3005B844A /* Power.png in Resources */,
				E494355E174CAEA3005B844A /* Power@2x.png in Resources */,
				E494355F174CAEA3005B844A /* Power2.png in Resources */,
				E4943560174CAEA3005B844A /* Power2@2x.png in Resources */,
				E4943561174CAEA3005B844A /* Power3.png in Resources */,
				E4943562174CAEA3005B844A /* Power3@2x.png in Resources */,
				E4943563174CAEA3005B844A /* Power4.png in Resources */,
				E4943564174CAEA3005B844A /* Power4@2x.png in Resources */,
				E4943565174CAEA3005B844A /* Power5.png in Resources */,
				E4943566174CAEA3005B844A /* Power5@2x.png in Resources */,
				E4943567174CAEA3005B844A /* Power6.png in Resources */,
				E4943568174CAEA3005B844A /* Power6@2x.png in Resources */,
				E4943569174CAEA3005B844A /* Power7.png in Resources */,
				E494356A174CAEA3005B844A /* Power7@2x.png in Resources */,
				E494356B174CAEA3005B844A /* Power8.png in Resources */,
				E494356C174CAEA3005B844A /* Power8@2x.png in Resources */,
				E494356D174CAEA3005B844A /* Power9.png in Resources */,
				E494356E174CAEA3005B844A /* Power9@2x.png in Resources */,
				E494356F174CAEA3005B844A /* Power10.png in Resources */,
				E4943570174CAEA3005B844A /* Power10@2x.png in Resources */,
				E4943572174CB869005B844A /* Power10_neu.png in Resources */,
				E4943575174CBAED005B844A /* Wolke.png in Resources */,
				E4943576174CBAED005B844A /* Wolke@2x.png in Resources */,
				E4943579174CC7A1005B844A /* Oel_tropfen.png in Resources */,
				E494357A174CC7A1005B844A /* Oel_tropfen@2x.png in Resources */,
				E4ED15D0174D05F200411EF2 /* level5.lvl in Resources */,
				E428F412174DF843005C9391 /* IMG_0056.PNG in Resources */,
				E4B41128174E0E5A007AF4C8 /* wasser.png in Resources */,
				E4B41129174E0E5A007AF4C8 /* wasser@2x.png in Resources */,
				E4B4112A174E0E5A007AF4C8 /* wasser2.png in Resources */,
				E4B4112B174E0E5A007AF4C8 /* wasser2@2x.png in Resources */,
				E4B4112C174E0E5A007AF4C8 /* wasser3.png in Resources */,
				E4B4112D174E0E5A007AF4C8 /* wasser3@2x.png in Resources */,
			);
			runOnlyForDeploymentPostprocessing = 0;
		};
		9C222530173D013500269E62 /* Resources */ = {
			isa = PBXResourcesBuildPhase;
			buildActionMask = 2147483647;
			files = (
				9C22253F173D013500269E62 /* InfoPlist.strings in Resources */,
			);
			runOnlyForDeploymentPostprocessing = 0;
		};
/* End PBXResourcesBuildPhase section */

/* Begin PBXShellScriptBuildPhase section */
		9C222531173D013500269E62 /* ShellScript */ = {
			isa = PBXShellScriptBuildPhase;
			buildActionMask = 2147483647;
			files = (
			);
			inputPaths = (
			);
			outputPaths = (
			);
			runOnlyForDeploymentPostprocessing = 0;
			shellPath = /bin/sh;
			shellScript = "# Run the unit tests in this test bundle.\n\"${SYSTEM_DEVELOPER_DIR}/Tools/RunUnitTests\"\n";
		};
/* End PBXShellScriptBuildPhase section */

/* Begin PBXSourcesBuildPhase section */
		9C222509173D013500269E62 /* Sources */ = {
			isa = PBXSourcesBuildPhase;
			buildActionMask = 2147483647;
			files = (
				9C2225A9173D022F00269E62 /* Sprite.m in Sources */,
				9C22251D173D013500269E62 /* main.m in Sources */,
				9C222521173D013500269E62 /* AppDelegate.m in Sources */,
				9C22252D173D013500269E62 /* ViewController.m in Sources */,
				E4FD6762174CF7AE00303ACC /* SecondViewController.m in Sources */,
				E428F415174DFE69005C9391 /* LevelViewController.m in Sources */,
			);
			runOnlyForDeploymentPostprocessing = 0;
		};
		9C22252E173D013500269E62 /* Sources */ = {
			isa = PBXSourcesBuildPhase;
			buildActionMask = 2147483647;
			files = (
				9C222542173D013500269E62 /* RobolutionTests.m in Sources */,
				9C22254E173D01C500269E62 /* Sprite.m in Sources */,
			);
			runOnlyForDeploymentPostprocessing = 0;
		};
/* End PBXSourcesBuildPhase section */

/* Begin PBXTargetDependency section */
		9C222539173D013500269E62 /* PBXTargetDependency */ = {
			isa = PBXTargetDependency;
			target = 9C22250C173D013500269E62 /* Robolution */;
			targetProxy = 9C222538173D013500269E62 /* PBXContainerItemProxy */;
		};
/* End PBXTargetDependency section */

/* Begin PBXVariantGroup section */
		9C222519173D013500269E62 /* InfoPlist.strings */ = {
			isa = PBXVariantGroup;
			children = (
				9C22251A173D013500269E62 /* en */,
			);
			name = InfoPlist.strings;
			sourceTree = "<group>";
		};
		9C222528173D013500269E62 /* MainStoryboard.storyboard */ = {
			isa = PBXVariantGroup;
			children = (
				9C222529173D013500269E62 /* en */,
			);
			name = MainStoryboard.storyboard;
			sourceTree = "<group>";
		};
		9C22253D173D013500269E62 /* InfoPlist.strings */ = {
			isa = PBXVariantGroup;
			children = (
				9C22253E173D013500269E62 /* en */,
			);
			name = InfoPlist.strings;
			sourceTree = "<group>";
		};
/* End PBXVariantGroup section */

/* Begin XCBuildConfiguration section */
		9C222543173D013500269E62 /* Debug */ = {
			isa = XCBuildConfiguration;
			buildSettings = {
				ALWAYS_SEARCH_USER_PATHS = NO;
				CLANG_CXX_LANGUAGE_STANDARD = "gnu++0x";
				CLANG_CXX_LIBRARY = "libc++";
				CLANG_ENABLE_OBJC_ARC = YES;
				CLANG_WARN_CONSTANT_CONVERSION = YES;
				CLANG_WARN_EMPTY_BODY = YES;
				CLANG_WARN_ENUM_CONVERSION = YES;
				CLANG_WARN_INT_CONVERSION = YES;
				CLANG_WARN__DUPLICATE_METHOD_MATCH = YES;
				"CODE_SIGN_IDENTITY[sdk=iphoneos*]" = "iPhone Developer";
				COPY_PHASE_STRIP = NO;
				GCC_C_LANGUAGE_STANDARD = gnu99;
				GCC_DYNAMIC_NO_PIC = NO;
				GCC_OPTIMIZATION_LEVEL = 0;
				GCC_PREPROCESSOR_DEFINITIONS = (
					"DEBUG=1",
					"$(inherited)",
				);
				GCC_SYMBOLS_PRIVATE_EXTERN = NO;
				GCC_WARN_ABOUT_RETURN_TYPE = YES;
				GCC_WARN_UNINITIALIZED_AUTOS = YES;
				GCC_WARN_UNUSED_VARIABLE = YES;
				IPHONEOS_DEPLOYMENT_TARGET = 6.1;
				ONLY_ACTIVE_ARCH = YES;
				SDKROOT = iphoneos;
			};
			name = Debug;
		};
		9C222544173D013500269E62 /* Release */ = {
			isa = XCBuildConfiguration;
			buildSettings = {
				ALWAYS_SEARCH_USER_PATHS = NO;
				CLANG_CXX_LANGUAGE_STANDARD = "gnu++0x";
				CLANG_CXX_LIBRARY = "libc++";
				CLANG_ENABLE_OBJC_ARC = YES;
				CLANG_WARN_CONSTANT_CONVERSION = YES;
				CLANG_WARN_EMPTY_BODY = YES;
				CLANG_WARN_ENUM_CONVERSION = YES;
				CLANG_WARN_INT_CONVERSION = YES;
				CLANG_WARN__DUPLICATE_METHOD_MATCH = YES;
				"CODE_SIGN_IDENTITY[sdk=iphoneos*]" = "iPhone Developer";
				COPY_PHASE_STRIP = YES;
				GCC_C_LANGUAGE_STANDARD = gnu99;
				GCC_WARN_ABOUT_RETURN_TYPE = YES;
				GCC_WARN_UNINITIALIZED_AUTOS = YES;
				GCC_WARN_UNUSED_VARIABLE = YES;
				IPHONEOS_DEPLOYMENT_TARGET = 6.1;
				OTHER_CFLAGS = "-DNS_BLOCK_ASSERTIONS=1";
				SDKROOT = iphoneos;
				VALIDATE_PRODUCT = YES;
			};
			name = Release;
		};
		9C222546173D013500269E62 /* Debug */ = {
			isa = XCBuildConfiguration;
			buildSettings = {
				CLANG_WARN_EMPTY_BODY = NO;
				GCC_PRECOMPILE_PREFIX_HEADER = YES;
				GCC_PREFIX_HEADER = "Robolution/Robolution-Prefix.pch";
				INFOPLIST_FILE = "Robolution/Robolution-Info.plist";
				IPHONEOS_DEPLOYMENT_TARGET = 6.0;
				PRODUCT_NAME = "$(TARGET_NAME)";
				WRAPPER_EXTENSION = app;
			};
			name = Debug;
		};
		9C222547173D013500269E62 /* Release */ = {
			isa = XCBuildConfiguration;
			buildSettings = {
				CLANG_WARN_EMPTY_BODY = NO;
				GCC_PRECOMPILE_PREFIX_HEADER = YES;
				GCC_PREFIX_HEADER = "Robolution/Robolution-Prefix.pch";
				INFOPLIST_FILE = "Robolution/Robolution-Info.plist";
				IPHONEOS_DEPLOYMENT_TARGET = 6.0;
				PRODUCT_NAME = "$(TARGET_NAME)";
				WRAPPER_EXTENSION = app;
			};
			name = Release;
		};
		9C222549173D013500269E62 /* Debug */ = {
			isa = XCBuildConfiguration;
			buildSettings = {
				BUNDLE_LOADER = "$(BUILT_PRODUCTS_DIR)/Robolution.app/Robolution";
				FRAMEWORK_SEARCH_PATHS = (
					"\"$(SDKROOT)/Developer/Library/Frameworks\"",
					"\"$(DEVELOPER_LIBRARY_DIR)/Frameworks\"",
				);
				GCC_PRECOMPILE_PREFIX_HEADER = YES;
				GCC_PREFIX_HEADER = "Robolution/Robolution-Prefix.pch";
				INFOPLIST_FILE = "RobolutionTests/RobolutionTests-Info.plist";
				PRODUCT_NAME = "$(TARGET_NAME)";
				TEST_HOST = "$(BUNDLE_LOADER)";
				WRAPPER_EXTENSION = octest;
			};
			name = Debug;
		};
		9C22254A173D013500269E62 /* Release */ = {
			isa = XCBuildConfiguration;
			buildSettings = {
				BUNDLE_LOADER = "$(BUILT_PRODUCTS_DIR)/Robolution.app/Robolution";
				FRAMEWORK_SEARCH_PATHS = (
					"\"$(SDKROOT)/Developer/Library/Frameworks\"",
					"\"$(DEVELOPER_LIBRARY_DIR)/Frameworks\"",
				);
				GCC_PRECOMPILE_PREFIX_HEADER = YES;
				GCC_PREFIX_HEADER = "Robolution/Robolution-Prefix.pch";
				INFOPLIST_FILE = "RobolutionTests/RobolutionTests-Info.plist";
				PRODUCT_NAME = "$(TARGET_NAME)";
				TEST_HOST = "$(BUNDLE_LOADER)";
				WRAPPER_EXTENSION = octest;
			};
			name = Release;
		};
/* End XCBuildConfiguration section */

/* Begin XCConfigurationList section */
		9C222508173D013500269E62 /* Build configuration list for PBXProject "Robolution" */ = {
			isa = XCConfigurationList;
			buildConfigurations = (
				9C222543173D013500269E62 /* Debug */,
				9C222544173D013500269E62 /* Release */,
			);
			defaultConfigurationIsVisible = 0;
			defaultConfigurationName = Release;
		};
		9C222545173D013500269E62 /* Build configuration list for PBXNativeTarget "Robolution" */ = {
			isa = XCConfigurationList;
			buildConfigurations = (
				9C222546173D013500269E62 /* Debug */,
				9C222547173D013500269E62 /* Release */,
			);
			defaultConfigurationIsVisible = 0;
			defaultConfigurationName = Release;
		};
		9C222548173D013500269E62 /* Build configuration list for PBXNativeTarget "RobolutionTests" */ = {
			isa = XCConfigurationList;
			buildConfigurations = (
				9C222549173D013500269E62 /* Debug */,
				9C22254A173D013500269E62 /* Release */,
			);
			defaultConfigurationIsVisible = 0;
			defaultConfigurationName = Release;
		};
/* End XCConfigurationList section */
	};
	rootObject = 9C222505173D013500269E62 /* Project object */;
}
